{
  "object": {
    "pins": [
      {
        "package": "DGPExtensionCore",
        "repositoryURL": "https://daniel_ios@bitbucket.org/daniel_ios/dgpextensioncore.git",
        "state": {
          "branch": "master",
          "revision": "c83243a2341abf0d4d8fd131694ff72c7ea0a20d",
          "version": null
        }
      },
      {
        "package": "DGPLibrary",
        "repositoryURL": "https://daniel_ios@bitbucket.org/daniel_ios/dgplibrary.git",
        "state": {
          "branch": "master",
          "revision": "279ce15f5ee8707f91432d484ce5bbc57771abe7",
          "version": null
        }
      }
    ]
  },
  "version": 1
}
