{
  "object": {
    "pins": [
      {
        "package": "DGPExtensionCore",
        "repositoryURL": "https://daniel_ios@bitbucket.org/daniel_ios/dgpextensioncore.git",
        "state": {
          "branch": null,
          "revision": "6b9044d00d56322346563cce8b3fa1b42fd70d73",
          "version": "0.1.8"
        }
      },
      {
        "package": "DGPLibrary",
        "repositoryURL": "https://daniel_ios@bitbucket.org/daniel_ios/dgplibrary.git",
        "state": {
          "branch": null,
          "revision": "6a20d5eada3ab8f07f858fa8a9a1aaddff4eb90e",
          "version": "0.1.2"
        }
      }
    ]
  },
  "version": 1
}
