// !$*UTF8*$!
{
	archiveVersion = 1;
	classes = {
	};
	objectVersion = 52;
	objects = {

/* Begin PBXBuildFile section */
		C7438715252B36020022E9CA /* DGPMenu.swift in Sources */ = {isa = PBXBuildFile; fileRef = C7438714252B36020022E9CA /* DGPMenu.swift */; };
		C79B3DE225236E7400AFBBCD /* DGPLibrary in Frameworks */ = {isa = PBXBuildFile; productRef = C79B3DE125236E7400AFBBCD /* DGPLibrary */; };
		C7A44A6525221B0B005A1A83 /* DeniedPermissionView.swift in Sources */ = {isa = PBXBuildFile; fileRef = C7A44A3925221B08005A1A83 /* DeniedPermissionView.swift */; };
		C7A44A6625221B0B005A1A83 /* DGPImagePicker.swift in Sources */ = {isa = PBXBuildFile; fileRef = C7A44A3A25221B08005A1A83 /* DGPImagePicker.swift */; };
		C7A44A6725221B0B005A1A83 /* DGPController.swift in Sources */ = {isa = PBXBuildFile; fileRef = C7A44A3B25221B08005A1A83 /* DGPController.swift */; };
		C7A44A6825221B0B005A1A83 /* DGPVideoViewController.swift in Sources */ = {isa = PBXBuildFile; fileRef = C7A44A3E25221B09005A1A83 /* DGPVideoViewController.swift */; };
		C7A44A6925221B0B005A1A83 /* DGPVideoCapture.swift in Sources */ = {isa = PBXBuildFile; fileRef = C7A44A3F25221B09005A1A83 /* DGPVideoCapture.swift */; };
		C7A44A6A25221B0B005A1A83 /* DGPCameraViewController.swift in Sources */ = {isa = PBXBuildFile; fileRef = C7A44A4125221B09005A1A83 /* DGPCameraViewController.swift */; };
		C7A44A6B25221B0B005A1A83 /* DGPPhotoCapture.swift in Sources */ = {isa = PBXBuildFile; fileRef = C7A44A4225221B09005A1A83 /* DGPPhotoCapture.swift */; };
		C7A44A6C25221B0B005A1A83 /* DGPCameraView.swift in Sources */ = {isa = PBXBuildFile; fileRef = C7A44A4425221B09005A1A83 /* DGPCameraView.swift */; };
		C7A44A6D25221B0B005A1A83 /* DGPLibraryViewController+CollectionView.swift in Sources */ = {isa = PBXBuildFile; fileRef = C7A44A4625221B09005A1A83 /* DGPLibraryViewController+CollectionView.swift */; };
		C7A44A6E25221B0B005A1A83 /* DGPLibraryViewController.swift in Sources */ = {isa = PBXBuildFile; fileRef = C7A44A4725221B09005A1A83 /* DGPLibraryViewController.swift */; };
		C7A44A6F25221B0B005A1A83 /* DGPVideoView.swift in Sources */ = {isa = PBXBuildFile; fileRef = C7A44A4B25221B09005A1A83 /* DGPVideoView.swift */; };
		C7A44A7025221B0B005A1A83 /* DGPAssetContainerView.swift in Sources */ = {isa = PBXBuildFile; fileRef = C7A44A4C25221B09005A1A83 /* DGPAssetContainerView.swift */; };
		C7A44A7125221B0B005A1A83 /* DGPLibraryViewCell.swift in Sources */ = {isa = PBXBuildFile; fileRef = C7A44A4D25221B09005A1A83 /* DGPLibraryViewCell.swift */; };
		C7A44A7225221B0B005A1A83 /* DGPAssetZoomableView.swift in Sources */ = {isa = PBXBuildFile; fileRef = C7A44A4E25221B09005A1A83 /* DGPAssetZoomableView.swift */; };
		C7A44A7325221B0B005A1A83 /* DGPViewLibrary.swift in Sources */ = {isa = PBXBuildFile; fileRef = C7A44A4F25221B09005A1A83 /* DGPViewLibrary.swift */; };
		C7A44A7425221B0B005A1A83 /* DGPAlbumView.swift in Sources */ = {isa = PBXBuildFile; fileRef = C7A44A5125221B09005A1A83 /* DGPAlbumView.swift */; };
		C7A44A7525221B0B005A1A83 /* AlbumViewCell.swift in Sources */ = {isa = PBXBuildFile; fileRef = C7A44A5225221B09005A1A83 /* AlbumViewCell.swift */; };
		C7A44A7625221B0B005A1A83 /* AlbumsViewController.swift in Sources */ = {isa = PBXBuildFile; fileRef = C7A44A5325221B09005A1A83 /* AlbumsViewController.swift */; };
		C7A44A7725221B0B005A1A83 /* DGPConfig.swift in Sources */ = {isa = PBXBuildFile; fileRef = C7A44A5525221B09005A1A83 /* DGPConfig.swift */; };
		C7A44A7825221B0B005A1A83 /* DGPMode.swift in Sources */ = {isa = PBXBuildFile; fileRef = C7A44A5625221B09005A1A83 /* DGPMode.swift */; };
		C7A44A7925221B0B005A1A83 /* DGPLibrarySelection.swift in Sources */ = {isa = PBXBuildFile; fileRef = C7A44A5825221B0A005A1A83 /* DGPLibrarySelection.swift */; };
		C7A44A7A25221B0B005A1A83 /* DGPMediaType.swift in Sources */ = {isa = PBXBuildFile; fileRef = C7A44A5925221B0A005A1A83 /* DGPMediaType.swift */; };
		C7A44A7B25221B0B005A1A83 /* DGPAlbum.swift in Sources */ = {isa = PBXBuildFile; fileRef = C7A44A5A25221B0A005A1A83 /* DGPAlbum.swift */; };
		C7A44A7C25221B0B005A1A83 /* DGPMenuViewController.swift in Sources */ = {isa = PBXBuildFile; fileRef = C7A44A5B25221B0A005A1A83 /* DGPMenuViewController.swift */; };
		C7A44A7D25221B0B005A1A83 /* ExtensionAVFoundation.swift in Sources */ = {isa = PBXBuildFile; fileRef = C7A44A5D25221B0A005A1A83 /* ExtensionAVFoundation.swift */; };
		C7A44A7E25221B0B005A1A83 /* ExtensionPHCachingImageManager.swift in Sources */ = {isa = PBXBuildFile; fileRef = C7A44A5E25221B0A005A1A83 /* ExtensionPHCachingImageManager.swift */; };
		C7A44A7F25221B0B005A1A83 /* LibraryMediaManager.swift in Sources */ = {isa = PBXBuildFile; fileRef = C7A44A5F25221B0A005A1A83 /* LibraryMediaManager.swift */; };
		C7A44A8025221B0B005A1A83 /* ExtensionUIImage.swift in Sources */ = {isa = PBXBuildFile; fileRef = C7A44A6025221B0A005A1A83 /* ExtensionUIImage.swift */; };
		C7A44A8125221B0B005A1A83 /* DGPAlbumManager.swift in Sources */ = {isa = PBXBuildFile; fileRef = C7A44A6125221B0A005A1A83 /* DGPAlbumManager.swift */; };
		C7A44A8225221B0B005A1A83 /* DGPUtils.swift in Sources */ = {isa = PBXBuildFile; fileRef = C7A44A6225221B0A005A1A83 /* DGPUtils.swift */; };
		C7A44A8325221B0B005A1A83 /* DGPPermissionCheck.swift in Sources */ = {isa = PBXBuildFile; fileRef = C7A44A6325221B0A005A1A83 /* DGPPermissionCheck.swift */; };
/* End PBXBuildFile section */

/* Begin PBXCopyFilesBuildPhase section */
		C7A44A8825221C3F005A1A83 /* Embed Frameworks */ = {
			isa = PBXCopyFilesBuildPhase;
			buildActionMask = 2147483647;
			dstPath = "";
			dstSubfolderSpec = 10;
			files = (
			);
			name = "Embed Frameworks";
			runOnlyForDeploymentPostprocessing = 0;
		};
/* End PBXCopyFilesBuildPhase section */

/* Begin PBXFileReference section */
		C7438713252B34D80022E9CA /* DGPMenu.xib */ = {isa = PBXFileReference; lastKnownFileType = file.xib; path = DGPMenu.xib; sourceTree = "<group>"; };
		C7438714252B36020022E9CA /* DGPMenu.swift */ = {isa = PBXFileReference; lastKnownFileType = sourcecode.swift; path = DGPMenu.swift; sourceTree = "<group>"; };
		C7A44A3925221B08005A1A83 /* DeniedPermissionView.swift */ = {isa = PBXFileReference; fileEncoding = 4; lastKnownFileType = sourcecode.swift; path = DeniedPermissionView.swift; sourceTree = "<group>"; };
		C7A44A3A25221B08005A1A83 /* DGPImagePicker.swift */ = {isa = PBXFileReference; fileEncoding = 4; lastKnownFileType = sourcecode.swift; path = DGPImagePicker.swift; sourceTree = "<group>"; };
		C7A44A3B25221B08005A1A83 /* DGPController.swift */ = {isa = PBXFileReference; fileEncoding = 4; lastKnownFileType = sourcecode.swift; path = DGPController.swift; sourceTree = "<group>"; };
		C7A44A3E25221B09005A1A83 /* DGPVideoViewController.swift */ = {isa = PBXFileReference; fileEncoding = 4; lastKnownFileType = sourcecode.swift; path = DGPVideoViewController.swift; sourceTree = "<group>"; };
		C7A44A3F25221B09005A1A83 /* DGPVideoCapture.swift */ = {isa = PBXFileReference; fileEncoding = 4; lastKnownFileType = sourcecode.swift; path = DGPVideoCapture.swift; sourceTree = "<group>"; };
		C7A44A4125221B09005A1A83 /* DGPCameraViewController.swift */ = {isa = PBXFileReference; fileEncoding = 4; lastKnownFileType = sourcecode.swift; path = DGPCameraViewController.swift; sourceTree = "<group>"; };
		C7A44A4225221B09005A1A83 /* DGPPhotoCapture.swift */ = {isa = PBXFileReference; fileEncoding = 4; lastKnownFileType = sourcecode.swift; path = DGPPhotoCapture.swift; sourceTree = "<group>"; };
		C7A44A4325221B09005A1A83 /* DGPCameraView.xib */ = {isa = PBXFileReference; fileEncoding = 4; lastKnownFileType = file.xib; path = DGPCameraView.xib; sourceTree = "<group>"; };
		C7A44A4425221B09005A1A83 /* DGPCameraView.swift */ = {isa = PBXFileReference; fileEncoding = 4; lastKnownFileType = sourcecode.swift; path = DGPCameraView.swift; sourceTree = "<group>"; };
		C7A44A4625221B09005A1A83 /* DGPLibraryViewController+CollectionView.swift */ = {isa = PBXFileReference; fileEncoding = 4; lastKnownFileType = sourcecode.swift; path = "DGPLibraryViewController+CollectionView.swift"; sourceTree = "<group>"; };
		C7A44A4725221B09005A1A83 /* DGPLibraryViewController.swift */ = {isa = PBXFileReference; fileEncoding = 4; lastKnownFileType = sourcecode.swift; path = DGPLibraryViewController.swift; sourceTree = "<group>"; };
		C7A44A4925221B09005A1A83 /* DGPLibraryViewCell.xib */ = {isa = PBXFileReference; fileEncoding = 4; lastKnownFileType = file.xib; path = DGPLibraryViewCell.xib; sourceTree = "<group>"; };
		C7A44A4A25221B09005A1A83 /* DGPViewLibrary.xib */ = {isa = PBXFileReference; fileEncoding = 4; lastKnownFileType = file.xib; path = DGPViewLibrary.xib; sourceTree = "<group>"; };
		C7A44A4B25221B09005A1A83 /* DGPVideoView.swift */ = {isa = PBXFileReference; fileEncoding = 4; lastKnownFileType = sourcecode.swift; path = DGPVideoView.swift; sourceTree = "<group>"; };
		C7A44A4C25221B09005A1A83 /* DGPAssetContainerView.swift */ = {isa = PBXFileReference; fileEncoding = 4; lastKnownFileType = sourcecode.swift; path = DGPAssetContainerView.swift; sourceTree = "<group>"; };
		C7A44A4D25221B09005A1A83 /* DGPLibraryViewCell.swift */ = {isa = PBXFileReference; fileEncoding = 4; lastKnownFileType = sourcecode.swift; path = DGPLibraryViewCell.swift; sourceTree = "<group>"; };
		C7A44A4E25221B09005A1A83 /* DGPAssetZoomableView.swift */ = {isa = PBXFileReference; fileEncoding = 4; lastKnownFileType = sourcecode.swift; path = DGPAssetZoomableView.swift; sourceTree = "<group>"; };
		C7A44A4F25221B09005A1A83 /* DGPViewLibrary.swift */ = {isa = PBXFileReference; fileEncoding = 4; lastKnownFileType = sourcecode.swift; path = DGPViewLibrary.swift; sourceTree = "<group>"; };
		C7A44A5125221B09005A1A83 /* DGPAlbumView.swift */ = {isa = PBXFileReference; fileEncoding = 4; lastKnownFileType = sourcecode.swift; path = DGPAlbumView.swift; sourceTree = "<group>"; };
		C7A44A5225221B09005A1A83 /* AlbumViewCell.swift */ = {isa = PBXFileReference; fileEncoding = 4; lastKnownFileType = sourcecode.swift; path = AlbumViewCell.swift; sourceTree = "<group>"; };
		C7A44A5325221B09005A1A83 /* AlbumsViewController.swift */ = {isa = PBXFileReference; fileEncoding = 4; lastKnownFileType = sourcecode.swift; path = AlbumsViewController.swift; sourceTree = "<group>"; };
		C7A44A5525221B09005A1A83 /* DGPConfig.swift */ = {isa = PBXFileReference; fileEncoding = 4; lastKnownFileType = sourcecode.swift; path = DGPConfig.swift; sourceTree = "<group>"; };
		C7A44A5625221B09005A1A83 /* DGPMode.swift */ = {isa = PBXFileReference; fileEncoding = 4; lastKnownFileType = sourcecode.swift; path = DGPMode.swift; sourceTree = "<group>"; };
		C7A44A5825221B0A005A1A83 /* DGPLibrarySelection.swift */ = {isa = PBXFileReference; fileEncoding = 4; lastKnownFileType = sourcecode.swift; path = DGPLibrarySelection.swift; sourceTree = "<group>"; };
		C7A44A5925221B0A005A1A83 /* DGPMediaType.swift */ = {isa = PBXFileReference; fileEncoding = 4; lastKnownFileType = sourcecode.swift; path = DGPMediaType.swift; sourceTree = "<group>"; };
		C7A44A5A25221B0A005A1A83 /* DGPAlbum.swift */ = {isa = PBXFileReference; fileEncoding = 4; lastKnownFileType = sourcecode.swift; path = DGPAlbum.swift; sourceTree = "<group>"; };
		C7A44A5B25221B0A005A1A83 /* DGPMenuViewController.swift */ = {isa = PBXFileReference; fileEncoding = 4; lastKnownFileType = sourcecode.swift; path = DGPMenuViewController.swift; sourceTree = "<group>"; };
		C7A44A5D25221B0A005A1A83 /* ExtensionAVFoundation.swift */ = {isa = PBXFileReference; fileEncoding = 4; lastKnownFileType = sourcecode.swift; path = ExtensionAVFoundation.swift; sourceTree = "<group>"; };
		C7A44A5E25221B0A005A1A83 /* ExtensionPHCachingImageManager.swift */ = {isa = PBXFileReference; fileEncoding = 4; lastKnownFileType = sourcecode.swift; path = ExtensionPHCachingImageManager.swift; sourceTree = "<group>"; };
		C7A44A5F25221B0A005A1A83 /* LibraryMediaManager.swift */ = {isa = PBXFileReference; fileEncoding = 4; lastKnownFileType = sourcecode.swift; path = LibraryMediaManager.swift; sourceTree = "<group>"; };
		C7A44A6025221B0A005A1A83 /* ExtensionUIImage.swift */ = {isa = PBXFileReference; fileEncoding = 4; lastKnownFileType = sourcecode.swift; path = ExtensionUIImage.swift; sourceTree = "<group>"; };
		C7A44A6125221B0A005A1A83 /* DGPAlbumManager.swift */ = {isa = PBXFileReference; fileEncoding = 4; lastKnownFileType = sourcecode.swift; path = DGPAlbumManager.swift; sourceTree = "<group>"; };
		C7A44A6225221B0A005A1A83 /* DGPUtils.swift */ = {isa = PBXFileReference; fileEncoding = 4; lastKnownFileType = sourcecode.swift; path = DGPUtils.swift; sourceTree = "<group>"; };
		C7A44A6325221B0A005A1A83 /* DGPPermissionCheck.swift */ = {isa = PBXFileReference; fileEncoding = 4; lastKnownFileType = sourcecode.swift; path = DGPPermissionCheck.swift; sourceTree = "<group>"; };
		"DGPImagePicker::DGPImagePicker::Product" /* DGPImagePicker.framework */ = {isa = PBXFileReference; explicitFileType = wrapper.framework; path = DGPImagePicker.framework; sourceTree = BUILT_PRODUCTS_DIR; };
		OBJ_17 /* README.md */ = {isa = PBXFileReference; lastKnownFileType = net.daringfireball.markdown; path = README.md; sourceTree = "<group>"; };
		OBJ_6 /* Package.swift */ = {isa = PBXFileReference; explicitFileType = sourcecode.swift; path = Package.swift; sourceTree = "<group>"; };
/* End PBXFileReference section */

/* Begin PBXFrameworksBuildPhase section */
		OBJ_24 /* Frameworks */ = {
			isa = PBXFrameworksBuildPhase;
			buildActionMask = 0;
			files = (
				C79B3DE225236E7400AFBBCD /* DGPLibrary in Frameworks */,
			);
			runOnlyForDeploymentPostprocessing = 0;
		};
/* End PBXFrameworksBuildPhase section */

/* Begin PBXGroup section */
		C7A44A3625221B08005A1A83 /* views */ = {
			isa = PBXGroup;
			children = (
				C7A44A3925221B08005A1A83 /* DeniedPermissionView.swift */,
				C7438713252B34D80022E9CA /* DGPMenu.xib */,
				C7438714252B36020022E9CA /* DGPMenu.swift */,
			);
			path = views;
			sourceTree = "<group>";
		};
		C7A44A3C25221B09005A1A83 /* controllers */ = {
			isa = PBXGroup;
			children = (
				C7A44A3D25221B09005A1A83 /* Video */,
				C7A44A4025221B09005A1A83 /* Camera */,
				C7A44A4525221B09005A1A83 /* Library */,
				C7A44A4825221B09005A1A83 /* views */,
				C7A44A5025221B09005A1A83 /* Albums */,
			);
			path = controllers;
			sourceTree = "<group>";
		};
		C7A44A3D25221B09005A1A83 /* Video */ = {
			isa = PBXGroup;
			children = (
				C7A44A3E25221B09005A1A83 /* DGPVideoViewController.swift */,
				C7A44A3F25221B09005A1A83 /* DGPVideoCapture.swift */,
			);
			path = Video;
			sourceTree = "<group>";
		};
		C7A44A4025221B09005A1A83 /* Camera */ = {
			isa = PBXGroup;
			children = (
				C7A44A4125221B09005A1A83 /* DGPCameraViewController.swift */,
				C7A44A4225221B09005A1A83 /* DGPPhotoCapture.swift */,
				C7A44A4325221B09005A1A83 /* DGPCameraView.xib */,
				C7A44A4425221B09005A1A83 /* DGPCameraView.swift */,
			);
			path = Camera;
			sourceTree = "<group>";
		};
		C7A44A4525221B09005A1A83 /* Library */ = {
			isa = PBXGroup;
			children = (
				C7A44A4625221B09005A1A83 /* DGPLibraryViewController+CollectionView.swift */,
				C7A44A4725221B09005A1A83 /* DGPLibraryViewController.swift */,
			);
			path = Library;
			sourceTree = "<group>";
		};
		C7A44A4825221B09005A1A83 /* views */ = {
			isa = PBXGroup;
			children = (
				C7A44A4925221B09005A1A83 /* DGPLibraryViewCell.xib */,
				C7A44A4A25221B09005A1A83 /* DGPViewLibrary.xib */,
				C7A44A4B25221B09005A1A83 /* DGPVideoView.swift */,
				C7A44A4C25221B09005A1A83 /* DGPAssetContainerView.swift */,
				C7A44A4D25221B09005A1A83 /* DGPLibraryViewCell.swift */,
				C7A44A4E25221B09005A1A83 /* DGPAssetZoomableView.swift */,
				C7A44A4F25221B09005A1A83 /* DGPViewLibrary.swift */,
			);
			path = views;
			sourceTree = "<group>";
		};
		C7A44A5025221B09005A1A83 /* Albums */ = {
			isa = PBXGroup;
			children = (
				C7A44A5125221B09005A1A83 /* DGPAlbumView.swift */,
				C7A44A5225221B09005A1A83 /* AlbumViewCell.swift */,
				C7A44A5325221B09005A1A83 /* AlbumsViewController.swift */,
			);
			path = Albums;
			sourceTree = "<group>";
		};
		C7A44A5425221B09005A1A83 /* Setup */ = {
			isa = PBXGroup;
			children = (
				C7A44A5525221B09005A1A83 /* DGPConfig.swift */,
				C7A44A5625221B09005A1A83 /* DGPMode.swift */,
			);
			path = Setup;
			sourceTree = "<group>";
		};
		C7A44A5725221B0A005A1A83 /* Model */ = {
			isa = PBXGroup;
			children = (
				C7A44A5825221B0A005A1A83 /* DGPLibrarySelection.swift */,
				C7A44A5925221B0A005A1A83 /* DGPMediaType.swift */,
				C7A44A5A25221B0A005A1A83 /* DGPAlbum.swift */,
			);
			path = Model;
			sourceTree = "<group>";
		};
		C7A44A5C25221B0A005A1A83 /* Utils */ = {
			isa = PBXGroup;
			children = (
				C7A44A5D25221B0A005A1A83 /* ExtensionAVFoundation.swift */,
				C7A44A5E25221B0A005A1A83 /* ExtensionPHCachingImageManager.swift */,
				C7A44A5F25221B0A005A1A83 /* LibraryMediaManager.swift */,
				C7A44A6025221B0A005A1A83 /* ExtensionUIImage.swift */,
				C7A44A6125221B0A005A1A83 /* DGPAlbumManager.swift */,
				C7A44A6225221B0A005A1A83 /* DGPUtils.swift */,
				C7A44A6325221B0A005A1A83 /* DGPPermissionCheck.swift */,
			);
			path = Utils;
			sourceTree = "<group>";
		};
		OBJ_14 /* Products */ = {
			isa = PBXGroup;
			children = (
				"DGPImagePicker::DGPImagePicker::Product" /* DGPImagePicker.framework */,
			);
			name = Products;
			sourceTree = BUILT_PRODUCTS_DIR;
		};
		OBJ_5 = {
			isa = PBXGroup;
			children = (
				OBJ_6 /* Package.swift */,
				OBJ_7 /* Sources */,
				OBJ_14 /* Products */,
				OBJ_17 /* README.md */,
			);
			sourceTree = "<group>";
		};
		OBJ_7 /* Sources */ = {
			isa = PBXGroup;
			children = (
				OBJ_8 /* DGPImagePicker */,
			);
			name = Sources;
			sourceTree = SOURCE_ROOT;
		};
		OBJ_8 /* DGPImagePicker */ = {
			isa = PBXGroup;
			children = (
				C7A44A3C25221B09005A1A83 /* controllers */,
				C7A44A3B25221B08005A1A83 /* DGPController.swift */,
				C7A44A3A25221B08005A1A83 /* DGPImagePicker.swift */,
				C7A44A5B25221B0A005A1A83 /* DGPMenuViewController.swift */,
				C7A44A5725221B0A005A1A83 /* Model */,
				C7A44A5425221B09005A1A83 /* Setup */,
				C7A44A5C25221B0A005A1A83 /* Utils */,
				C7A44A3625221B08005A1A83 /* views */,
			);
			name = DGPImagePicker;
			path = Sources/DGPImagePicker;
			sourceTree = SOURCE_ROOT;
		};
/* End PBXGroup section */

/* Begin PBXNativeTarget section */
		"DGPImagePicker::DGPImagePicker" /* DGPImagePicker */ = {
			isa = PBXNativeTarget;
			buildConfigurationList = OBJ_19 /* Build configuration list for PBXNativeTarget "DGPImagePicker" */;
			buildPhases = (
				OBJ_22 /* Sources */,
				OBJ_24 /* Frameworks */,
				C7A44A8825221C3F005A1A83 /* Embed Frameworks */,
			);
			buildRules = (
			);
			dependencies = (
			);
			name = DGPImagePicker;
			packageProductDependencies = (
				C79B3DE125236E7400AFBBCD /* DGPLibrary */,
			);
			productName = DGPImagePicker;
			productReference = "DGPImagePicker::DGPImagePicker::Product" /* DGPImagePicker.framework */;
			productType = "com.apple.product-type.framework";
		};
/* End PBXNativeTarget section */

/* Begin PBXProject section */
		OBJ_1 /* Project object */ = {
			isa = PBXProject;
			attributes = {
				LastSwiftMigration = 9999;
				LastUpgradeCheck = 9999;
				TargetAttributes = {
					"DGPImagePicker::DGPImagePicker" = {
						LastSwiftMigration = 1160;
					};
				};
			};
			buildConfigurationList = OBJ_2 /* Build configuration list for PBXProject "DGPImagePicker" */;
			compatibilityVersion = "Xcode 3.2";
			developmentRegion = en;
			hasScannedForEncodings = 0;
			knownRegions = (
				en,
			);
			mainGroup = OBJ_5;
			packageReferences = (
				C79B3DE025236E7300AFBBCD /* XCRemoteSwiftPackageReference "dgplibrary" */,
			);
			productRefGroup = OBJ_14 /* Products */;
			projectDirPath = "";
			projectRoot = "";
			targets = (
				"DGPImagePicker::DGPImagePicker" /* DGPImagePicker */,
			);
		};
/* End PBXProject section */

/* Begin PBXSourcesBuildPhase section */
		OBJ_22 /* Sources */ = {
			isa = PBXSourcesBuildPhase;
			buildActionMask = 0;
			files = (
				C7A44A7125221B0B005A1A83 /* DGPLibraryViewCell.swift in Sources */,
				C7A44A6525221B0B005A1A83 /* DeniedPermissionView.swift in Sources */,
				C7A44A8025221B0B005A1A83 /* ExtensionUIImage.swift in Sources */,
				C7A44A7825221B0B005A1A83 /* DGPMode.swift in Sources */,
				C7A44A6B25221B0B005A1A83 /* DGPPhotoCapture.swift in Sources */,
				C7A44A6F25221B0B005A1A83 /* DGPVideoView.swift in Sources */,
				C7A44A6825221B0B005A1A83 /* DGPVideoViewController.swift in Sources */,
				C7A44A7925221B0B005A1A83 /* DGPLibrarySelection.swift in Sources */,
				C7A44A6D25221B0B005A1A83 /* DGPLibraryViewController+CollectionView.swift in Sources */,
				C7A44A6925221B0B005A1A83 /* DGPVideoCapture.swift in Sources */,
				C7A44A7E25221B0B005A1A83 /* ExtensionPHCachingImageManager.swift in Sources */,
				C7A44A7025221B0B005A1A83 /* DGPAssetContainerView.swift in Sources */,
				C7A44A7525221B0B005A1A83 /* AlbumViewCell.swift in Sources */,
				C7A44A7C25221B0B005A1A83 /* DGPMenuViewController.swift in Sources */,
				C7A44A6725221B0B005A1A83 /* DGPController.swift in Sources */,
				C7A44A7625221B0B005A1A83 /* AlbumsViewController.swift in Sources */,
				C7A44A7B25221B0B005A1A83 /* DGPAlbum.swift in Sources */,
				C7A44A6C25221B0B005A1A83 /* DGPCameraView.swift in Sources */,
				C7A44A7325221B0B005A1A83 /* DGPViewLibrary.swift in Sources */,
				C7A44A8225221B0B005A1A83 /* DGPUtils.swift in Sources */,
				C7A44A7D25221B0B005A1A83 /* ExtensionAVFoundation.swift in Sources */,
				C7A44A8325221B0B005A1A83 /* DGPPermissionCheck.swift in Sources */,
				C7A44A7425221B0B005A1A83 /* DGPAlbumView.swift in Sources */,
				C7A44A7F25221B0B005A1A83 /* LibraryMediaManager.swift in Sources */,
				C7A44A6625221B0B005A1A83 /* DGPImagePicker.swift in Sources */,
				C7A44A8125221B0B005A1A83 /* DGPAlbumManager.swift in Sources */,
				C7438715252B36020022E9CA /* DGPMenu.swift in Sources */,
				C7A44A6E25221B0B005A1A83 /* DGPLibraryViewController.swift in Sources */,
				C7A44A7225221B0B005A1A83 /* DGPAssetZoomableView.swift in Sources */,
				C7A44A6A25221B0B005A1A83 /* DGPCameraViewController.swift in Sources */,
				C7A44A7A25221B0B005A1A83 /* DGPMediaType.swift in Sources */,
				C7A44A7725221B0B005A1A83 /* DGPConfig.swift in Sources */,
			);
			runOnlyForDeploymentPostprocessing = 0;
		};
/* End PBXSourcesBuildPhase section */

/* Begin XCBuildConfiguration section */
		OBJ_20 /* Debug */ = {
			isa = XCBuildConfiguration;
			buildSettings = {
				CLANG_ENABLE_MODULES = YES;
				DEFINES_MODULE = YES;
				ENABLE_TESTABILITY = YES;
				FRAMEWORK_SEARCH_PATHS = (
					"$(inherited)",
					"$(PLATFORM_DIR)/Developer/Library/Frameworks",
				);
				HEADER_SEARCH_PATHS = "$(inherited)";
				INFOPLIST_FILE = DGPImagePicker.xcodeproj/DGPImagePicker_Info.plist;
				IPHONEOS_DEPLOYMENT_TARGET = 13.0;
				LD_RUNPATH_SEARCH_PATHS = (
					"$(inherited)",
					"$(TOOLCHAIN_DIR)/usr/lib/swift/macosx",
				);
				MACOSX_DEPLOYMENT_TARGET = 10.10;
				OTHER_CFLAGS = "$(inherited)";
				OTHER_LDFLAGS = "$(inherited)";
				OTHER_SWIFT_FLAGS = "$(inherited)";
				PRODUCT_BUNDLE_IDENTIFIER = DGPImagePicker;
				PRODUCT_MODULE_NAME = "$(TARGET_NAME:c99extidentifier)";
				PRODUCT_NAME = "$(TARGET_NAME:c99extidentifier)";
				SDKROOT = iphoneos;
				SKIP_INSTALL = YES;
				SUPPORTED_PLATFORMS = "iphonesimulator iphoneos";
				SWIFT_ACTIVE_COMPILATION_CONDITIONS = "$(inherited)";
				SWIFT_OPTIMIZATION_LEVEL = "-Onone";
				SWIFT_VERSION = 5.0;
				TARGET_NAME = DGPImagePicker;
				TVOS_DEPLOYMENT_TARGET = 9.0;
				WATCHOS_DEPLOYMENT_TARGET = 2.0;
			};
			name = Debug;
		};
		OBJ_21 /* Release */ = {
			isa = XCBuildConfiguration;
			buildSettings = {
				CLANG_ENABLE_MODULES = YES;
				DEFINES_MODULE = YES;
				ENABLE_TESTABILITY = YES;
				FRAMEWORK_SEARCH_PATHS = (
					"$(inherited)",
					"$(PLATFORM_DIR)/Developer/Library/Frameworks",
				);
				HEADER_SEARCH_PATHS = "$(inherited)";
				INFOPLIST_FILE = DGPImagePicker.xcodeproj/DGPImagePicker_Info.plist;
				IPHONEOS_DEPLOYMENT_TARGET = 13.0;
				LD_RUNPATH_SEARCH_PATHS = (
					"$(inherited)",
					"$(TOOLCHAIN_DIR)/usr/lib/swift/macosx",
				);
				MACOSX_DEPLOYMENT_TARGET = 10.10;
				OTHER_CFLAGS = "$(inherited)";
				OTHER_LDFLAGS = "$(inherited)";
				OTHER_SWIFT_FLAGS = "$(inherited)";
				PRODUCT_BUNDLE_IDENTIFIER = DGPImagePicker;
				PRODUCT_MODULE_NAME = "$(TARGET_NAME:c99extidentifier)";
				PRODUCT_NAME = "$(TARGET_NAME:c99extidentifier)";
				SDKROOT = iphoneos;
				SKIP_INSTALL = YES;
				SUPPORTED_PLATFORMS = "iphonesimulator iphoneos";
				SWIFT_ACTIVE_COMPILATION_CONDITIONS = "$(inherited)";
				SWIFT_VERSION = 5.0;
				TARGET_NAME = DGPImagePicker;
				TVOS_DEPLOYMENT_TARGET = 9.0;
				WATCHOS_DEPLOYMENT_TARGET = 2.0;
			};
			name = Release;
		};
		OBJ_3 /* Debug */ = {
			isa = XCBuildConfiguration;
			buildSettings = {
				CLANG_ENABLE_OBJC_ARC = YES;
				COMBINE_HIDPI_IMAGES = YES;
				COPY_PHASE_STRIP = NO;
				DEBUG_INFORMATION_FORMAT = dwarf;
				DYLIB_INSTALL_NAME_BASE = "@rpath";
				ENABLE_NS_ASSERTIONS = YES;
				GCC_OPTIMIZATION_LEVEL = 0;
				GCC_PREPROCESSOR_DEFINITIONS = (
					"$(inherited)",
					"SWIFT_PACKAGE=1",
					"DEBUG=1",
				);
				MACOSX_DEPLOYMENT_TARGET = 10.10;
				ONLY_ACTIVE_ARCH = YES;
				OTHER_SWIFT_FLAGS = "$(inherited) -DXcode";
				PRODUCT_NAME = "$(TARGET_NAME)";
				SDKROOT = iphoneos;
				SUPPORTED_PLATFORMS = "iphonesimulator iphoneos";
				SWIFT_ACTIVE_COMPILATION_CONDITIONS = "$(inherited) SWIFT_PACKAGE DEBUG";
				SWIFT_OPTIMIZATION_LEVEL = "-Onone";
				USE_HEADERMAP = NO;
			};
			name = Debug;
		};
		OBJ_4 /* Release */ = {
			isa = XCBuildConfiguration;
			buildSettings = {
				CLANG_ENABLE_OBJC_ARC = YES;
				COMBINE_HIDPI_IMAGES = YES;
				COPY_PHASE_STRIP = YES;
				DEBUG_INFORMATION_FORMAT = "dwarf-with-dsym";
				DYLIB_INSTALL_NAME_BASE = "@rpath";
				GCC_OPTIMIZATION_LEVEL = s;
				GCC_PREPROCESSOR_DEFINITIONS = (
					"$(inherited)",
					"SWIFT_PACKAGE=1",
				);
				MACOSX_DEPLOYMENT_TARGET = 10.10;
				OTHER_SWIFT_FLAGS = "$(inherited) -DXcode";
				PRODUCT_NAME = "$(TARGET_NAME)";
				SDKROOT = iphoneos;
				SUPPORTED_PLATFORMS = "iphonesimulator iphoneos";
				SWIFT_ACTIVE_COMPILATION_CONDITIONS = "$(inherited) SWIFT_PACKAGE";
				SWIFT_COMPILATION_MODE = wholemodule;
				SWIFT_OPTIMIZATION_LEVEL = "-O";
				USE_HEADERMAP = NO;
			};
			name = Release;
		};
/* End XCBuildConfiguration section */

/* Begin XCConfigurationList section */
		OBJ_19 /* Build configuration list for PBXNativeTarget "DGPImagePicker" */ = {
			isa = XCConfigurationList;
			buildConfigurations = (
				OBJ_20 /* Debug */,
				OBJ_21 /* Release */,
			);
			defaultConfigurationIsVisible = 0;
			defaultConfigurationName = Release;
		};
		OBJ_2 /* Build configuration list for PBXProject "DGPImagePicker" */ = {
			isa = XCConfigurationList;
			buildConfigurations = (
				OBJ_3 /* Debug */,
				OBJ_4 /* Release */,
			);
			defaultConfigurationIsVisible = 0;
			defaultConfigurationName = Release;
		};
/* End XCConfigurationList section */

/* Begin XCRemoteSwiftPackageReference section */
		C79B3DE025236E7300AFBBCD /* XCRemoteSwiftPackageReference "dgplibrary" */ = {
			isa = XCRemoteSwiftPackageReference;
			repositoryURL = "https://daniel_ios@bitbucket.org/daniel_ios/dgplibrary.git";
			requirement = {
				branch = master;
				kind = branch;
			};
		};
/* End XCRemoteSwiftPackageReference section */

/* Begin XCSwiftPackageProductDependency section */
		C79B3DE125236E7400AFBBCD /* DGPLibrary */ = {
			isa = XCSwiftPackageProductDependency;
			package = C79B3DE025236E7300AFBBCD /* XCRemoteSwiftPackageReference "dgplibrary" */;
			productName = DGPLibrary;
		};
/* End XCSwiftPackageProductDependency section */
	};
	rootObject = OBJ_1 /* Project object */;
}
